PODS:
  - 1PasswordExtension (1.8.1)
  - Soundcloud (0.8.0):
    - 1PasswordExtension (~> 1.5)
    - UICKeyChainStore (~> 2.0.6)
  - UICKeyChainStore (2.0.7)

DEPENDENCIES:
  - Soundcloud

SPEC CHECKSUMS:
  1PasswordExtension: 00d6f4caae77c19ba33045b8569fbeb9689f0d1d
  Soundcloud: c003a1c7e281eab6206d18bccf00058958250aae
  UICKeyChainStore: 696cd35083f7c8fb5e201d909b7e6aea6b478575

COCOAPODS: 0.39.0
