// !$*UTF8*$!
{
	archiveVersion = 1;
	classes = {
	};
	objectVersion = 46;
	objects = {

/* Begin PBXBuildFile section */
		0D35A3B91D00816200F22899 /* QueueRCodeViewController.swift in Sources */ = {isa = PBXBuildFile; fileRef = 0D35A3B81D00816200F22899 /* QueueRCodeViewController.swift */; };
		0D35A3BB1D008BA400F22899 /* JoinQueueViewController.swift in Sources */ = {isa = PBXBuildFile; fileRef = 0D35A3BA1D008BA400F22899 /* JoinQueueViewController.swift */; };
		0D371A921CF2386A00A0AD31 /* QueueViewController.swift in Sources */ = {isa = PBXBuildFile; fileRef = 0D371A911CF2386A00A0AD31 /* QueueViewController.swift */; };
		0D3889661D0718E700CDA37F /* SearchTableViewController.swift in Sources */ = {isa = PBXBuildFile; fileRef = 0D3889651D0718E700CDA37F /* SearchTableViewController.swift */; };
		0D5EB3FF1CF5FB7800FA9CCA /* RealmUser.swift in Sources */ = {isa = PBXBuildFile; fileRef = 0D5EB3FE1CF5FB7800FA9CCA /* RealmUser.swift */; };
		0D6BEA9A1CF26812009510B9 /* Queue.swift in Sources */ = {isa = PBXBuildFile; fileRef = 0D6BEA991CF26812009510B9 /* Queue.swift */; };
		0D955CE01CE2BC0C001F28DD /* HomeViewController.swift in Sources */ = {isa = PBXBuildFile; fileRef = 0D955CDF1CE2BC0C001F28DD /* HomeViewController.swift */; };
		0D9BDE281CFFBCA400E6A91C /* SoundcloudExtensions.swift in Sources */ = {isa = PBXBuildFile; fileRef = 0D9BDE271CFFBCA400E6A91C /* SoundcloudExtensions.swift */; };
		0DA873991CCE674500E17A03 /* SoundCloudAuth.swift in Sources */ = {isa = PBXBuildFile; fileRef = 0DA873981CCE674500E17A03 /* SoundCloudAuth.swift */; };
		0DBF59451D198DC40029A2BF /* RealmTrack.swift in Sources */ = {isa = PBXBuildFile; fileRef = 0DBF59441D198DC40029A2BF /* RealmTrack.swift */; };
		0DD718F21CCD21140064A8F1 /* AppDelegate.swift in Sources */ = {isa = PBXBuildFile; fileRef = 0DD718F11CCD21140064A8F1 /* AppDelegate.swift */; };
		0DD718F41CCD21140064A8F1 /* ViewController.swift in Sources */ = {isa = PBXBuildFile; fileRef = 0DD718F31CCD21140064A8F1 /* ViewController.swift */; };
		0DD718F71CCD21140064A8F1 /* Main.storyboard in Resources */ = {isa = PBXBuildFile; fileRef = 0DD718F51CCD21140064A8F1 /* Main.storyboard */; };
		0DD718F91CCD21140064A8F1 /* Assets.xcassets in Resources */ = {isa = PBXBuildFile; fileRef = 0DD718F81CCD21140064A8F1 /* Assets.xcassets */; };
		0DD718FC1CCD21140064A8F1 /* LaunchScreen.storyboard in Resources */ = {isa = PBXBuildFile; fileRef = 0DD718FA1CCD21140064A8F1 /* LaunchScreen.storyboard */; };
		0DD719071CCD21150064A8F1 /* SoundQTests.swift in Sources */ = {isa = PBXBuildFile; fileRef = 0DD719061CCD21150064A8F1 /* SoundQTests.swift */; };
		0DD719121CCD21150064A8F1 /* SoundQUITests.swift in Sources */ = {isa = PBXBuildFile; fileRef = 0DD719111CCD21150064A8F1 /* SoundQUITests.swift */; };
		0DD90DF41D086875007EFCA2 /* SearchResultTableViewCell.swift in Sources */ = {isa = PBXBuildFile; fileRef = 0DD90DF31D086875007EFCA2 /* SearchResultTableViewCell.swift */; };
		0DF13C621CEABE7200EF0EE0 /* Utilities.swift in Sources */ = {isa = PBXBuildFile; fileRef = 0DF13C611CEABE7200EF0EE0 /* Utilities.swift */; };
		CF009411A97E82CC7508360D /* Pods.framework in Frameworks */ = {isa = PBXBuildFile; fileRef = 50277A1D2B3A95B15FA9ABFE /* Pods.framework */; };
/* End PBXBuildFile section */

/* Begin PBXContainerItemProxy section */
		0DD719031CCD21150064A8F1 /* PBXContainerItemProxy */ = {
			isa = PBXContainerItemProxy;
			containerPortal = 0DD718E61CCD21140064A8F1 /* Project object */;
			proxyType = 1;
			remoteGlobalIDString = 0DD718ED1CCD21140064A8F1;
			remoteInfo = SoundQ;
		};
		0DD7190E1CCD21150064A8F1 /* PBXContainerItemProxy */ = {
			isa = PBXContainerItemProxy;
			containerPortal = 0DD718E61CCD21140064A8F1 /* Project object */;
			proxyType = 1;
			remoteGlobalIDString = 0DD718ED1CCD21140064A8F1;
			remoteInfo = SoundQ;
		};
/* End PBXContainerItemProxy section */

/* Begin PBXFileReference section */
		0D35A3B81D00816200F22899 /* QueueRCodeViewController.swift */ = {isa = PBXFileReference; fileEncoding = 4; lastKnownFileType = sourcecode.swift; path = QueueRCodeViewController.swift; sourceTree = "<group>"; };
		0D35A3BA1D008BA400F22899 /* JoinQueueViewController.swift */ = {isa = PBXFileReference; fileEncoding = 4; lastKnownFileType = sourcecode.swift; path = JoinQueueViewController.swift; sourceTree = "<group>"; };
		0D371A911CF2386A00A0AD31 /* QueueViewController.swift */ = {isa = PBXFileReference; fileEncoding = 4; lastKnownFileType = sourcecode.swift; path = QueueViewController.swift; sourceTree = "<group>"; };
		0D3889651D0718E700CDA37F /* SearchTableViewController.swift */ = {isa = PBXFileReference; fileEncoding = 4; lastKnownFileType = sourcecode.swift; path = SearchTableViewController.swift; sourceTree = "<group>"; };
		0D5EB3FE1CF5FB7800FA9CCA /* RealmUser.swift */ = {isa = PBXFileReference; fileEncoding = 4; lastKnownFileType = sourcecode.swift; path = RealmUser.swift; sourceTree = "<group>"; };
		0D6BEA991CF26812009510B9 /* Queue.swift */ = {isa = PBXFileReference; fileEncoding = 4; lastKnownFileType = sourcecode.swift; path = Queue.swift; sourceTree = "<group>"; };
		0D955CDF1CE2BC0C001F28DD /* HomeViewController.swift */ = {isa = PBXFileReference; fileEncoding = 4; lastKnownFileType = sourcecode.swift; name = HomeViewController.swift; path = "../../../../nishilshah/workspace/SoundQ-iOS/SoundQ/HomeViewController.swift"; sourceTree = "<group>"; };
		0D9BDE271CFFBCA400E6A91C /* SoundcloudExtensions.swift */ = {isa = PBXFileReference; fileEncoding = 4; lastKnownFileType = sourcecode.swift; path = SoundcloudExtensions.swift; sourceTree = "<group>"; };
		0DA873981CCE674500E17A03 /* SoundCloudAuth.swift */ = {isa = PBXFileReference; fileEncoding = 4; lastKnownFileType = sourcecode.swift; name = SoundCloudAuth.swift; path = "../../../../nishilshah/workspace/SoundQ-iOS/SoundQ/SoundCloudAuth.swift"; sourceTree = "<group>"; };
		0DBF59441D198DC40029A2BF /* RealmTrack.swift */ = {isa = PBXFileReference; fileEncoding = 4; lastKnownFileType = sourcecode.swift; path = RealmTrack.swift; sourceTree = "<group>"; };
		0DD718EE1CCD21140064A8F1 /* SoundQ.app */ = {isa = PBXFileReference; explicitFileType = wrapper.application; includeInIndex = 0; path = SoundQ.app; sourceTree = BUILT_PRODUCTS_DIR; };
		0DD718F11CCD21140064A8F1 /* AppDelegate.swift */ = {isa = PBXFileReference; lastKnownFileType = sourcecode.swift; path = AppDelegate.swift; sourceTree = "<group>"; };
		0DD718F31CCD21140064A8F1 /* ViewController.swift */ = {isa = PBXFileReference; lastKnownFileType = sourcecode.swift; path = ViewController.swift; sourceTree = "<group>"; };
		0DD718F61CCD21140064A8F1 /* Base */ = {isa = PBXFileReference; lastKnownFileType = file.storyboard; name = Base; path = Base.lproj/Main.storyboard; sourceTree = "<group>"; };
		0DD718F81CCD21140064A8F1 /* Assets.xcassets */ = {isa = PBXFileReference; lastKnownFileType = folder.assetcatalog; path = Assets.xcassets; sourceTree = "<group>"; };
		0DD718FB1CCD21140064A8F1 /* Base */ = {isa = PBXFileReference; lastKnownFileType = file.storyboard; name = Base; path = Base.lproj/LaunchScreen.storyboard; sourceTree = "<group>"; };
		0DD718FD1CCD21140064A8F1 /* Info.plist */ = {isa = PBXFileReference; lastKnownFileType = text.plist.xml; path = Info.plist; sourceTree = "<group>"; };
		0DD719021CCD21150064A8F1 /* SoundQTests.xctest */ = {isa = PBXFileReference; explicitFileType = wrapper.cfbundle; includeInIndex = 0; path = SoundQTests.xctest; sourceTree = BUILT_PRODUCTS_DIR; };
		0DD719061CCD21150064A8F1 /* SoundQTests.swift */ = {isa = PBXFileReference; lastKnownFileType = sourcecode.swift; path = SoundQTests.swift; sourceTree = "<group>"; };
		0DD719081CCD21150064A8F1 /* Info.plist */ = {isa = PBXFileReference; lastKnownFileType = text.plist.xml; path = Info.plist; sourceTree = "<group>"; };
		0DD7190D1CCD21150064A8F1 /* SoundQUITests.xctest */ = {isa = PBXFileReference; explicitFileType = wrapper.cfbundle; includeInIndex = 0; path = SoundQUITests.xctest; sourceTree = BUILT_PRODUCTS_DIR; };
		0DD719111CCD21150064A8F1 /* SoundQUITests.swift */ = {isa = PBXFileReference; lastKnownFileType = sourcecode.swift; path = SoundQUITests.swift; sourceTree = "<group>"; };
		0DD719131CCD21150064A8F1 /* Info.plist */ = {isa = PBXFileReference; lastKnownFileType = text.plist.xml; path = Info.plist; sourceTree = "<group>"; };
		0DD90DF31D086875007EFCA2 /* SearchResultTableViewCell.swift */ = {isa = PBXFileReference; fileEncoding = 4; lastKnownFileType = sourcecode.swift; path = SearchResultTableViewCell.swift; sourceTree = "<group>"; };
		0DF13C611CEABE7200EF0EE0 /* Utilities.swift */ = {isa = PBXFileReference; fileEncoding = 4; lastKnownFileType = sourcecode.swift; path = Utilities.swift; sourceTree = "<group>"; };
		50277A1D2B3A95B15FA9ABFE /* Pods.framework */ = {isa = PBXFileReference; explicitFileType = wrapper.framework; includeInIndex = 0; path = Pods.framework; sourceTree = BUILT_PRODUCTS_DIR; };
		BF065D4C0E23E4D4D810EDA3 /* Pods.debug.xcconfig */ = {isa = PBXFileReference; includeInIndex = 1; lastKnownFileType = text.xcconfig; name = Pods.debug.xcconfig; path = "Pods/Target Support Files/Pods/Pods.debug.xcconfig"; sourceTree = "<group>"; };
		D16585EE5D193CC5CD88E044 /* Pods.release.xcconfig */ = {isa = PBXFileReference; includeInIndex = 1; lastKnownFileType = text.xcconfig; name = Pods.release.xcconfig; path = "Pods/Target Support Files/Pods/Pods.release.xcconfig"; sourceTree = "<group>"; };
/* End PBXFileReference section */

/* Begin PBXFrameworksBuildPhase section */
		0DD718EB1CCD21140064A8F1 /* Frameworks */ = {
			isa = PBXFrameworksBuildPhase;
			buildActionMask = 2147483647;
			files = (
				CF009411A97E82CC7508360D /* Pods.framework in Frameworks */,
			);
			runOnlyForDeploymentPostprocessing = 0;
		};
		0DD718FF1CCD21150064A8F1 /* Frameworks */ = {
			isa = PBXFrameworksBuildPhase;
			buildActionMask = 2147483647;
			files = (
			);
			runOnlyForDeploymentPostprocessing = 0;
		};
		0DD7190A1CCD21150064A8F1 /* Frameworks */ = {
			isa = PBXFrameworksBuildPhase;
			buildActionMask = 2147483647;
			files = (
			);
			runOnlyForDeploymentPostprocessing = 0;
		};
/* End PBXFrameworksBuildPhase section */

/* Begin PBXGroup section */
		0D5EB3FD1CF5FB5C00FA9CCA /* RealmObjects */ = {
			isa = PBXGroup;
			children = (
				0D5EB3FE1CF5FB7800FA9CCA /* RealmUser.swift */,
				0DBF59441D198DC40029A2BF /* RealmTrack.swift */,
			);
			name = RealmObjects;
			sourceTree = "<group>";
		};
		0DD718E51CCD21140064A8F1 = {
			isa = PBXGroup;
			children = (
				0DD718F01CCD21140064A8F1 /* SoundQ */,
				0DD719051CCD21150064A8F1 /* SoundQTests */,
				0DD719101CCD21150064A8F1 /* SoundQUITests */,
				0DD718EF1CCD21140064A8F1 /* Products */,
				A042210FF9E140DBBC66768C /* Pods */,
				641C67289F2F8A022F8B8222 /* Frameworks */,
			);
			sourceTree = "<group>";
		};
		0DD718EF1CCD21140064A8F1 /* Products */ = {
			isa = PBXGroup;
			children = (
				0DD718EE1CCD21140064A8F1 /* SoundQ.app */,
				0DD719021CCD21150064A8F1 /* SoundQTests.xctest */,
				0DD7190D1CCD21150064A8F1 /* SoundQUITests.xctest */,
			);
			name = Products;
			sourceTree = "<group>";
		};
		0DD718F01CCD21140064A8F1 /* SoundQ */ = {
			isa = PBXGroup;
			children = (
				0D5EB3FD1CF5FB5C00FA9CCA /* RealmObjects */,
				0DD718F11CCD21140064A8F1 /* AppDelegate.swift */,
				0DA873981CCE674500E17A03 /* SoundCloudAuth.swift */,
				0DF13C611CEABE7200EF0EE0 /* Utilities.swift */,
				0DD718F31CCD21140064A8F1 /* ViewController.swift */,
				0DD718F51CCD21140064A8F1 /* Main.storyboard */,
				0DD718F81CCD21140064A8F1 /* Assets.xcassets */,
				0DD718FA1CCD21140064A8F1 /* LaunchScreen.storyboard */,
				0DD718FD1CCD21140064A8F1 /* Info.plist */,
				0D955CDF1CE2BC0C001F28DD /* HomeViewController.swift */,
				0D371A911CF2386A00A0AD31 /* QueueViewController.swift */,
				0D6BEA991CF26812009510B9 /* Queue.swift */,
				0D9BDE271CFFBCA400E6A91C /* SoundcloudExtensions.swift */,
				0D35A3B81D00816200F22899 /* QueueRCodeViewController.swift */,
				0D35A3BA1D008BA400F22899 /* JoinQueueViewController.swift */,
				0D3889651D0718E700CDA37F /* SearchTableViewController.swift */,
				0DD90DF31D086875007EFCA2 /* SearchResultTableViewCell.swift */,
			);
			path = SoundQ;
			sourceTree = "<group>";
		};
		0DD719051CCD21150064A8F1 /* SoundQTests */ = {
			isa = PBXGroup;
			children = (
				0DD719061CCD21150064A8F1 /* SoundQTests.swift */,
				0DD719081CCD21150064A8F1 /* Info.plist */,
			);
			path = SoundQTests;
			sourceTree = "<group>";
		};
		0DD719101CCD21150064A8F1 /* SoundQUITests */ = {
			isa = PBXGroup;
			children = (
				0DD719111CCD21150064A8F1 /* SoundQUITests.swift */,
				0DD719131CCD21150064A8F1 /* Info.plist */,
			);
			path = SoundQUITests;
			sourceTree = "<group>";
		};
		641C67289F2F8A022F8B8222 /* Frameworks */ = {
			isa = PBXGroup;
			children = (
				50277A1D2B3A95B15FA9ABFE /* Pods.framework */,
			);
			name = Frameworks;
			sourceTree = "<group>";
		};
		A042210FF9E140DBBC66768C /* Pods */ = {
			isa = PBXGroup;
			children = (
				BF065D4C0E23E4D4D810EDA3 /* Pods.debug.xcconfig */,
				D16585EE5D193CC5CD88E044 /* Pods.release.xcconfig */,
			);
			name = Pods;
			sourceTree = "<group>";
		};
/* End PBXGroup section */

/* Begin PBXNativeTarget section */
		0DD718ED1CCD21140064A8F1 /* SoundQ */ = {
			isa = PBXNativeTarget;
			buildConfigurationList = 0DD719161CCD21150064A8F1 /* Build configuration list for PBXNativeTarget "SoundQ" */;
			buildPhases = (
				97369CE21710B52262802382 /* Check Pods Manifest.lock */,
				0DD718EA1CCD21140064A8F1 /* Sources */,
				0DD718EB1CCD21140064A8F1 /* Frameworks */,
				0DD718EC1CCD21140064A8F1 /* Resources */,
				C3A0C97B2E5BA5360FEBF1BB /* Embed Pods Frameworks */,
				44D6A50487AAFE4AF7D3A5FC /* Copy Pods Resources */,
			);
			buildRules = (
			);
			dependencies = (
			);
			name = SoundQ;
			productName = SoundQ;
			productReference = 0DD718EE1CCD21140064A8F1 /* SoundQ.app */;
			productType = "com.apple.product-type.application";
		};
		0DD719011CCD21150064A8F1 /* SoundQTests */ = {
			isa = PBXNativeTarget;
			buildConfigurationList = 0DD719191CCD21150064A8F1 /* Build configuration list for PBXNativeTarget "SoundQTests" */;
			buildPhases = (
				0DD718FE1CCD21150064A8F1 /* Sources */,
				0DD718FF1CCD21150064A8F1 /* Frameworks */,
				0DD719001CCD21150064A8F1 /* Resources */,
			);
			buildRules = (
			);
			dependencies = (
				0DD719041CCD21150064A8F1 /* PBXTargetDependency */,
			);
			name = SoundQTests;
			productName = SoundQTests;
			productReference = 0DD719021CCD21150064A8F1 /* SoundQTests.xctest */;
			productType = "com.apple.product-type.bundle.unit-test";
		};
		0DD7190C1CCD21150064A8F1 /* SoundQUITests */ = {
			isa = PBXNativeTarget;
			buildConfigurationList = 0DD7191C1CCD21150064A8F1 /* Build configuration list for PBXNativeTarget "SoundQUITests" */;
			buildPhases = (
				0DD719091CCD21150064A8F1 /* Sources */,
				0DD7190A1CCD21150064A8F1 /* Frameworks */,
				0DD7190B1CCD21150064A8F1 /* Resources */,
			);
			buildRules = (
			);
			dependencies = (
				0DD7190F1CCD21150064A8F1 /* PBXTargetDependency */,
			);
			name = SoundQUITests;
			productName = SoundQUITests;
			productReference = 0DD7190D1CCD21150064A8F1 /* SoundQUITests.xctest */;
			productType = "com.apple.product-type.bundle.ui-testing";
		};
/* End PBXNativeTarget section */

/* Begin PBXProject section */
		0DD718E61CCD21140064A8F1 /* Project object */ = {
			isa = PBXProject;
			attributes = {
				LastSwiftUpdateCheck = 0730;
				LastUpgradeCheck = 0730;
				ORGANIZATIONNAME = "Nishil Shah";
				TargetAttributes = {
					0DD718ED1CCD21140064A8F1 = {
						CreatedOnToolsVersion = 7.3;
						DevelopmentTeam = 8V77465J63;
					};
					0DD719011CCD21150064A8F1 = {
						CreatedOnToolsVersion = 7.3;
						DevelopmentTeam = XG5V6EEEVB;
						TestTargetID = 0DD718ED1CCD21140064A8F1;
					};
					0DD7190C1CCD21150064A8F1 = {
						CreatedOnToolsVersion = 7.3;
						DevelopmentTeam = XG5V6EEEVB;
						TestTargetID = 0DD718ED1CCD21140064A8F1;
					};
				};
			};
			buildConfigurationList = 0DD718E91CCD21140064A8F1 /* Build configuration list for PBXProject "SoundQ" */;
			compatibilityVersion = "Xcode 3.2";
			developmentRegion = English;
			hasScannedForEncodings = 0;
			knownRegions = (
				en,
				Base,
			);
			mainGroup = 0DD718E51CCD21140064A8F1;
			productRefGroup = 0DD718EF1CCD21140064A8F1 /* Products */;
			projectDirPath = "";
			projectRoot = "";
			targets = (
				0DD718ED1CCD21140064A8F1 /* SoundQ */,
				0DD719011CCD21150064A8F1 /* SoundQTests */,
				0DD7190C1CCD21150064A8F1 /* SoundQUITests */,
			);
		};
/* End PBXProject section */

/* Begin PBXResourcesBuildPhase section */
		0DD718EC1CCD21140064A8F1 /* Resources */ = {
			isa = PBXResourcesBuildPhase;
			buildActionMask = 2147483647;
			files = (
				0DD718FC1CCD21140064A8F1 /* LaunchScreen.storyboard in Resources */,
				0DD718F91CCD21140064A8F1 /* Assets.xcassets in Resources */,
				0DD718F71CCD21140064A8F1 /* Main.storyboard in Resources */,
			);
			runOnlyForDeploymentPostprocessing = 0;
		};
		0DD719001CCD21150064A8F1 /* Resources */ = {
			isa = PBXResourcesBuildPhase;
			buildActionMask = 2147483647;
			files = (
			);
			runOnlyForDeploymentPostprocessing = 0;
		};
		0DD7190B1CCD21150064A8F1 /* Resources */ = {
			isa = PBXResourcesBuildPhase;
			buildActionMask = 2147483647;
			files = (
			);
			runOnlyForDeploymentPostprocessing = 0;
		};
/* End PBXResourcesBuildPhase section */

/* Begin PBXShellScriptBuildPhase section */
		44D6A50487AAFE4AF7D3A5FC /* Copy Pods Resources */ = {
			isa = PBXShellScriptBuildPhase;
			buildActionMask = 2147483647;
			files = (
			);
			inputPaths = (
			);
			name = "Copy Pods Resources";
			outputPaths = (
			);
			runOnlyForDeploymentPostprocessing = 0;
			shellPath = /bin/sh;
			shellScript = "\"${SRCROOT}/Pods/Target Support Files/Pods/Pods-resources.sh\"\n";
			showEnvVarsInLog = 0;
		};
		97369CE21710B52262802382 /* Check Pods Manifest.lock */ = {
			isa = PBXShellScriptBuildPhase;
			buildActionMask = 2147483647;
			files = (
			);
			inputPaths = (
			);
			name = "Check Pods Manifest.lock";
			outputPaths = (
			);
			runOnlyForDeploymentPostprocessing = 0;
			shellPath = /bin/sh;
			shellScript = "diff \"${PODS_ROOT}/../Podfile.lock\" \"${PODS_ROOT}/Manifest.lock\" > /dev/null\nif [[ $? != 0 ]] ; then\n    cat << EOM\nerror: The sandbox is not in sync with the Podfile.lock. Run 'pod install' or update your CocoaPods installation.\nEOM\n    exit 1\nfi\n";
			showEnvVarsInLog = 0;
		};
		C3A0C97B2E5BA5360FEBF1BB /* Embed Pods Frameworks */ = {
			isa = PBXShellScriptBuildPhase;
			buildActionMask = 2147483647;
			files = (
			);
			inputPaths = (
			);
			name = "Embed Pods Frameworks";
			outputPaths = (
			);
			runOnlyForDeploymentPostprocessing = 0;
			shellPath = /bin/sh;
			shellScript = "\"${SRCROOT}/Pods/Target Support Files/Pods/Pods-frameworks.sh\"\n";
			showEnvVarsInLog = 0;
		};
/* End PBXShellScriptBuildPhase section */

/* Begin PBXSourcesBuildPhase section */
		0DD718EA1CCD21140064A8F1 /* Sources */ = {
			isa = PBXSourcesBuildPhase;
			buildActionMask = 2147483647;
			files = (
				0D35A3BB1D008BA400F22899 /* JoinQueueViewController.swift in Sources */,
				0D35A3B91D00816200F22899 /* QueueRCodeViewController.swift in Sources */,
				0D9BDE281CFFBCA400E6A91C /* SoundcloudExtensions.swift in Sources */,
				0DD718F41CCD21140064A8F1 /* ViewController.swift in Sources */,
				0D6BEA9A1CF26812009510B9 /* Queue.swift in Sources */,
				0D5EB3FF1CF5FB7800FA9CCA /* RealmUser.swift in Sources */,
				0DA873991CCE674500E17A03 /* SoundCloudAuth.swift in Sources */,
				0D3889661D0718E700CDA37F /* SearchTableViewController.swift in Sources */,
				0D371A921CF2386A00A0AD31 /* QueueViewController.swift in Sources */,
				0DD718F21CCD21140064A8F1 /* AppDelegate.swift in Sources */,
				0DF13C621CEABE7200EF0EE0 /* Utilities.swift in Sources */,
				0DD90DF41D086875007EFCA2 /* SearchResultTableViewCell.swift in Sources */,
				0D955CE01CE2BC0C001F28DD /* HomeViewController.swift in Sources */,
				0DBF59451D198DC40029A2BF /* RealmTrack.swift in Sources */,
			);
			runOnlyForDeploymentPostprocessing = 0;
		};
		0DD718FE1CCD21150064A8F1 /* Sources */ = {
			isa = PBXSourcesBuildPhase;
			buildActionMask = 2147483647;
			files = (
				0DD719071CCD21150064A8F1 /* SoundQTests.swift in Sources */,
			);
			runOnlyForDeploymentPostprocessing = 0;
		};
		0DD719091CCD21150064A8F1 /* Sources */ = {
			isa = PBXSourcesBuildPhase;
			buildActionMask = 2147483647;
			files = (
				0DD719121CCD21150064A8F1 /* SoundQUITests.swift in Sources */,
			);
			runOnlyForDeploymentPostprocessing = 0;
		};
/* End PBXSourcesBuildPhase section */

/* Begin PBXTargetDependency section */
		0DD719041CCD21150064A8F1 /* PBXTargetDependency */ = {
			isa = PBXTargetDependency;
			target = 0DD718ED1CCD21140064A8F1 /* SoundQ */;
			targetProxy = 0DD719031CCD21150064A8F1 /* PBXContainerItemProxy */;
		};
		0DD7190F1CCD21150064A8F1 /* PBXTargetDependency */ = {
			isa = PBXTargetDependency;
			target = 0DD718ED1CCD21140064A8F1 /* SoundQ */;
			targetProxy = 0DD7190E1CCD21150064A8F1 /* PBXContainerItemProxy */;
		};
/* End PBXTargetDependency section */

/* Begin PBXVariantGroup section */
		0DD718F51CCD21140064A8F1 /* Main.storyboard */ = {
			isa = PBXVariantGroup;
			children = (
				0DD718F61CCD21140064A8F1 /* Base */,
			);
			name = Main.storyboard;
			sourceTree = "<group>";
		};
		0DD718FA1CCD21140064A8F1 /* LaunchScreen.storyboard */ = {
			isa = PBXVariantGroup;
			children = (
				0DD718FB1CCD21140064A8F1 /* Base */,
			);
			name = LaunchScreen.storyboard;
			sourceTree = "<group>";
		};
/* End PBXVariantGroup section */

/* Begin XCBuildConfiguration section */
		0DD719141CCD21150064A8F1 /* Debug */ = {
			isa = XCBuildConfiguration;
			buildSettings = {
				ALWAYS_SEARCH_USER_PATHS = NO;
				CLANG_ANALYZER_NONNULL = YES;
				CLANG_CXX_LANGUAGE_STANDARD = "gnu++0x";
				CLANG_CXX_LIBRARY = "libc++";
				CLANG_ENABLE_MODULES = YES;
				CLANG_ENABLE_OBJC_ARC = YES;
				CLANG_WARN_BOOL_CONVERSION = YES;
				CLANG_WARN_CONSTANT_CONVERSION = YES;
				CLANG_WARN_DIRECT_OBJC_ISA_USAGE = YES_ERROR;
				CLANG_WARN_EMPTY_BODY = YES;
				CLANG_WARN_ENUM_CONVERSION = YES;
				CLANG_WARN_INT_CONVERSION = YES;
				CLANG_WARN_OBJC_ROOT_CLASS = YES_ERROR;
				CLANG_WARN_UNREACHABLE_CODE = YES;
				CLANG_WARN__DUPLICATE_METHOD_MATCH = YES;
				"CODE_SIGN_IDENTITY[sdk=iphoneos*]" = "iPhone Developer";
				COPY_PHASE_STRIP = NO;
				DEBUG_INFORMATION_FORMAT = dwarf;
				ENABLE_STRICT_OBJC_MSGSEND = YES;
				ENABLE_TESTABILITY = YES;
				GCC_C_LANGUAGE_STANDARD = gnu99;
				GCC_DYNAMIC_NO_PIC = NO;
				GCC_NO_COMMON_BLOCKS = YES;
				GCC_OPTIMIZATION_LEVEL = 0;
				GCC_PREPROCESSOR_DEFINITIONS = (
					"DEBUG=1",
					"$(inherited)",
				);
				GCC_WARN_64_TO_32_BIT_CONVERSION = YES;
				GCC_WARN_ABOUT_RETURN_TYPE = YES_ERROR;
				GCC_WARN_UNDECLARED_SELECTOR = YES;
				GCC_WARN_UNINITIALIZED_AUTOS = YES_AGGRESSIVE;
				GCC_WARN_UNUSED_FUNCTION = YES;
				GCC_WARN_UNUSED_VARIABLE = YES;
				IPHONEOS_DEPLOYMENT_TARGET = 9.3;
				MTL_ENABLE_DEBUG_INFO = YES;
				ONLY_ACTIVE_ARCH = YES;
				SDKROOT = iphoneos;
				SWIFT_OPTIMIZATION_LEVEL = "-Onone";
			};
			name = Debug;
		};
		0DD719151CCD21150064A8F1 /* Release */ = {
			isa = XCBuildConfiguration;
			buildSettings = {
				ALWAYS_SEARCH_USER_PATHS = NO;
				CLANG_ANALYZER_NONNULL = YES;
				CLANG_CXX_LANGUAGE_STANDARD = "gnu++0x";
				CLANG_CXX_LIBRARY = "libc++";
				CLANG_ENABLE_MODULES = YES;
				CLANG_ENABLE_OBJC_ARC = YES;
				CLANG_WARN_BOOL_CONVERSION = YES;
				CLANG_WARN_CONSTANT_CONVERSION = YES;
				CLANG_WARN_DIRECT_OBJC_ISA_USAGE = YES_ERROR;
				CLANG_WARN_EMPTY_BODY = YES;
				CLANG_WARN_ENUM_CONVERSION = YES;
				CLANG_WARN_INT_CONVERSION = YES;
				CLANG_WARN_OBJC_ROOT_CLASS = YES_ERROR;
				CLANG_WARN_UNREACHABLE_CODE = YES;
				CLANG_WARN__DUPLICATE_METHOD_MATCH = YES;
				"CODE_SIGN_IDENTITY[sdk=iphoneos*]" = "iPhone Developer";
				COPY_PHASE_STRIP = NO;
				DEBUG_INFORMATION_FORMAT = "dwarf-with-dsym";
				ENABLE_NS_ASSERTIONS = NO;
				ENABLE_STRICT_OBJC_MSGSEND = YES;
				GCC_C_LANGUAGE_STANDARD = gnu99;
				GCC_NO_COMMON_BLOCKS = YES;
				GCC_WARN_64_TO_32_BIT_CONVERSION = YES;
				GCC_WARN_ABOUT_RETURN_TYPE = YES_ERROR;
				GCC_WARN_UNDECLARED_SELECTOR = YES;
				GCC_WARN_UNINITIALIZED_AUTOS = YES_AGGRESSIVE;
				GCC_WARN_UNUSED_FUNCTION = YES;
				GCC_WARN_UNUSED_VARIABLE = YES;
				IPHONEOS_DEPLOYMENT_TARGET = 9.3;
				MTL_ENABLE_DEBUG_INFO = NO;
				SDKROOT = iphoneos;
				VALIDATE_PRODUCT = YES;
			};
			name = Release;
		};
		0DD719171CCD21150064A8F1 /* Debug */ = {
			isa = XCBuildConfiguration;
			baseConfigurationReference = BF065D4C0E23E4D4D810EDA3 /* Pods.debug.xcconfig */;
			buildSettings = {
				ALWAYS_SEARCH_USER_PATHS = NO;
				ASSETCATALOG_COMPILER_APPICON_NAME = AppIcon;
				ASSETCATALOG_COMPILER_LAUNCHIMAGE_NAME = LaunchImage;
				CODE_SIGN_IDENTITY = "iPhone Developer";
				"CODE_SIGN_IDENTITY[sdk=iphoneos*]" = "iPhone Developer";
				INFOPLIST_FILE = SoundQ/Info.plist;
				IPHONEOS_DEPLOYMENT_TARGET = 9.0;
				LD_RUNPATH_SEARCH_PATHS = "$(inherited) @executable_path/Frameworks";
				PRODUCT_BUNDLE_IDENTIFIER = "com.nishilshah.sound-q";
				PRODUCT_NAME = "$(TARGET_NAME)";
				PROVISIONING_PROFILE = "";
			};
			name = Debug;
		};
		0DD719181CCD21150064A8F1 /* Release */ = {
			isa = XCBuildConfiguration;
			baseConfigurationReference = D16585EE5D193CC5CD88E044 /* Pods.release.xcconfig */;
			buildSettings = {
				ALWAYS_SEARCH_USER_PATHS = NO;
				ASSETCATALOG_COMPILER_APPICON_NAME = AppIcon;
				ASSETCATALOG_COMPILER_LAUNCHIMAGE_NAME = LaunchImage;
				CODE_SIGN_IDENTITY = "iPhone Developer";
				"CODE_SIGN_IDENTITY[sdk=iphoneos*]" = "iPhone Developer";
				INFOPLIST_FILE = SoundQ/Info.plist;
				IPHONEOS_DEPLOYMENT_TARGET = 9.0;
				LD_RUNPATH_SEARCH_PATHS = "$(inherited) @executable_path/Frameworks";
				PRODUCT_BUNDLE_IDENTIFIER = "com.nishilshah.sound-q";
				PRODUCT_NAME = "$(TARGET_NAME)";
				PROVISIONING_PROFILE = "";
			};
			name = Release;
		};
		0DD7191A1CCD21150064A8F1 /* Debug */ = {
			isa = XCBuildConfiguration;
			buildSettings = {
				BUNDLE_LOADER = "$(TEST_HOST)";
				INFOPLIST_FILE = SoundQTests/Info.plist;
				LD_RUNPATH_SEARCH_PATHS = "$(inherited) @executable_path/Frameworks @loader_path/Frameworks";
				PRODUCT_BUNDLE_IDENTIFIER = nishilshah.SoundQTests;
				PRODUCT_NAME = "$(TARGET_NAME)";
				TEST_HOST = "$(BUILT_PRODUCTS_DIR)/SoundQ.app/SoundQ";
			};
			name = Debug;
		};
		0DD7191B1CCD21150064A8F1 /* Release */ = {
			isa = XCBuildConfiguration;
			buildSettings = {
				BUNDLE_LOADER = "$(TEST_HOST)";
				INFOPLIST_FILE = SoundQTests/Info.plist;
				LD_RUNPATH_SEARCH_PATHS = "$(inherited) @executable_path/Frameworks @loader_path/Frameworks";
				PRODUCT_BUNDLE_IDENTIFIER = nishilshah.SoundQTests;
				PRODUCT_NAME = "$(TARGET_NAME)";
				TEST_HOST = "$(BUILT_PRODUCTS_DIR)/SoundQ.app/SoundQ";
			};
			name = Release;
		};
		0DD7191D1CCD21150064A8F1 /* Debug */ = {
			isa = XCBuildConfiguration;
			buildSettings = {
				INFOPLIST_FILE = SoundQUITests/Info.plist;
				LD_RUNPATH_SEARCH_PATHS = "$(inherited) @executable_path/Frameworks @loader_path/Frameworks";
				PRODUCT_BUNDLE_IDENTIFIER = nishilshah.SoundQUITests;
				PRODUCT_NAME = "$(TARGET_NAME)";
				TEST_TARGET_NAME = SoundQ;
			};
			name = Debug;
		};
		0DD7191E1CCD21150064A8F1 /* Release */ = {
			isa = XCBuildConfiguration;
			buildSettings = {
				INFOPLIST_FILE = SoundQUITests/Info.plist;
				LD_RUNPATH_SEARCH_PATHS = "$(inherited) @executable_path/Frameworks @loader_path/Frameworks";
				PRODUCT_BUNDLE_IDENTIFIER = nishilshah.SoundQUITests;
				PRODUCT_NAME = "$(TARGET_NAME)";
				TEST_TARGET_NAME = SoundQ;
			};
			name = Release;
		};
/* End XCBuildConfiguration section */

/* Begin XCConfigurationList section */
		0DD718E91CCD21140064A8F1 /* Build configuration list for PBXProject "SoundQ" */ = {
			isa = XCConfigurationList;
			buildConfigurations = (
				0DD719141CCD21150064A8F1 /* Debug */,
				0DD719151CCD21150064A8F1 /* Release */,
			);
			defaultConfigurationIsVisible = 0;
			defaultConfigurationName = Release;
		};
		0DD719161CCD21150064A8F1 /* Build configuration list for PBXNativeTarget "SoundQ" */ = {
			isa = XCConfigurationList;
			buildConfigurations = (
				0DD719171CCD21150064A8F1 /* Debug */,
				0DD719181CCD21150064A8F1 /* Release */,
			);
			defaultConfigurationIsVisible = 0;
			defaultConfigurationName = Release;
		};
		0DD719191CCD21150064A8F1 /* Build configuration list for PBXNativeTarget "SoundQTests" */ = {
			isa = XCConfigurationList;
			buildConfigurations = (
				0DD7191A1CCD21150064A8F1 /* Debug */,
				0DD7191B1CCD21150064A8F1 /* Release */,
			);
			defaultConfigurationIsVisible = 0;
			defaultConfigurationName = Release;
		};
		0DD7191C1CCD21150064A8F1 /* Build configuration list for PBXNativeTarget "SoundQUITests" */ = {
			isa = XCConfigurationList;
			buildConfigurations = (
				0DD7191D1CCD21150064A8F1 /* Debug */,
				0DD7191E1CCD21150064A8F1 /* Release */,
			);
			defaultConfigurationIsVisible = 0;
			defaultConfigurationName = Release;
		};
/* End XCConfigurationList section */
	};
	rootObject = 0DD718E61CCD21140064A8F1 /* Project object */;
}
